<?xml version="1.0" encoding="utf-8"?>
<Project ToolsVersion="4.0" xmlns="http://schemas.microsoft.com/developer/msbuild/2003">
  <ItemGroup>
    <Filter Include="utils">
      <UniqueIdentifier>{324efa1f-d638-4d05-8a97-17f38bb1ed85}</UniqueIdentifier>
    </Filter>
    <Filter Include="math">
      <UniqueIdentifier>{5842b758-60c3-41c8-bd97-115343ebc353}</UniqueIdentifier>
    </Filter>
    <Filter Include="tests">
      <UniqueIdentifier>{a414b83c-21f2-4e8c-8f11-ae0847db1b3f}</UniqueIdentifier>
    </Filter>
    <Filter Include="physics">
      <UniqueIdentifier>{dd8e1822-8912-4ffa-a462-7692c71189f3}</UniqueIdentifier>
    </Filter>
    <Filter Include="integrators">
      <UniqueIdentifier>{55c990b6-754d-4e2b-8006-6c97ac3fbb12}</UniqueIdentifier>
    </Filter>
    <Filter Include="modules">
      <UniqueIdentifier>{f3be6ef5-c5b9-4578-962e-e4cfcce8eaff}</UniqueIdentifier>
    </Filter>
    <Filter Include="resources">
      <UniqueIdentifier>{67DA6AB6-F800-4c08-8B7A-83BB121AAD01}</UniqueIdentifier>
      <Extensions>rc;ico;cur;bmp;dlg;rc2;rct;bin;rgs;gif;jpg;jpeg;jpe;resx;tiff;tif;png;wav;mfcribbon-ms</Extensions>
    </Filter>
    <Filter Include="headers">
      <UniqueIdentifier>{93995380-89BD-4b04-88EB-625FBE52EBFB}</UniqueIdentifier>
      <Extensions>h;hh;hpp;hxx;hm;inl;inc;ipp;xsd</Extensions>
    </Filter>
    <Filter Include="sources">
      <UniqueIdentifier>{4FC737F1-C7A5-4376-A066-2A32D752A2FF}</UniqueIdentifier>
      <Extensions>cpp;c;cc;cxx;def;odl;idl;hpj;bat;asm;asmx</Extensions>
    </Filter>
    <Filter Include="htl">
      <UniqueIdentifier>{cecd2666-9e4d-4151-b726-9f8572a51bbc}</UniqueIdentifier>
    </Filter>
    <Filter Include="resources\SolarSystem">
      <UniqueIdentifier>{22368fae-ca86-4e75-9f11-8a5d6511ac18}</UniqueIdentifier>
    </Filter>
    <Filter Include="resources\SolarSystem\Geopotentials">
      <UniqueIdentifier>{5610c12e-984f-4be3-9000-5c44624502d3}</UniqueIdentifier>
    </Filter>
    <Filter Include="resources\SolarSystem\Rings">
      <UniqueIdentifier>{2b770052-5649-4c31-af51-63b82ee0006d}</UniqueIdentifier>
    </Filter>
  </ItemGroup>
  <ItemGroup>
    <ClCompile Include="src\main.cpp">
      <Filter>sources</Filter>
    </ClCompile>
    <ClCompile Include="src\Tests\tests.cpp">
      <Filter>tests</Filter>
    </ClCompile>
    <ClCompile Include="src\Tests\test_geopotential.cpp">
      <Filter>tests</Filter>
    </ClCompile>
    <ClCompile Include="src\utils\calctime.cpp">
      <Filter>utils</Filter>
    </ClCompile>
    <ClCompile Include="src\utils\crc32.cpp">
      <Filter>utils</Filter>
    </ClCompile>
    <ClCompile Include="src\utils\wcs_convert.cpp">
      <Filter>utils</Filter>
    </ClCompile>
    <ClCompile Include="src\physics\geopotential.cpp">
      <Filter>physics</Filter>
    </ClCompile>
    <ClCompile Include="src\math\random.cpp">
      <Filter>math</Filter>
    </ClCompile>
    <ClCompile Include="src\physics\ring.cpp">
      <Filter>physics</Filter>
    </ClCompile>
    <ClCompile Include="src\utils\memio.cpp">
      <Filter>utils</Filter>
    </ClCompile>
    <ClCompile Include="src\utils\zipio.cpp">
      <Filter>utils</Filter>
    </ClCompile>
    <ClCompile Include="src\math\keplerian.cpp">
      <Filter>math</Filter>
    </ClCompile>
    <ClCompile Include="src\physics\mass.cpp">
      <Filter>physics</Filter>
    </ClCompile>
    <ClCompile Include="src\physics\barycen_analyzer.cpp">
      <Filter>physics</Filter>
    </ClCompile>
    <ClCompile Include="src\integrators\mass_combined.cpp">
      <Filter>integrators</Filter>
    </ClCompile>
    <ClCompile Include="src\integrators\RungeKutta.cpp">
      <Filter>integrators</Filter>
    </ClCompile>
    <ClCompile Include="src\modules\mass_loader.cpp">
      <Filter>modules</Filter>
    </ClCompile>
    <ClCompile Include="src\tests\test_prepare.cpp">
      <Filter>tests</Filter>
    </ClCompile>
    <ClCompile Include="src\tests\test_kepler.cpp">
      <Filter>tests</Filter>
    </ClCompile>
    <ClCompile Include="src\math\interp.cpp">
      <Filter>math</Filter>
    </ClCompile>
    <ClCompile Include="src\modules\ephemeris_generator.cpp">
      <Filter>modules</Filter>
    </ClCompile>
    <ClCompile Include="src\configs.cpp">
      <Filter>sources</Filter>
    </ClCompile>
    <ClCompile Include="src\tests\test_conservation.cpp">
      <Filter>tests</Filter>
    </ClCompile>
    <ClCompile Include="src\tests\test_order.cpp">
      <Filter>tests</Filter>
    </ClCompile>
    <ClCompile Include="src\utils\logger.cpp">
      <Filter>utils</Filter>
    </ClCompile>
    <ClCompile Include="src\tests\test_integrator.cpp">
      <Filter>tests</Filter>
    </ClCompile>
    <ClCompile Include="src\utils\threadpool.cpp">
      <Filter>utils</Filter>
    </ClCompile>
    <ClCompile Include="src\modules\ephemeris_converter.cpp">
      <Filter>modules</Filter>
    </ClCompile>
    <ClCompile Include="src\modules\ephemeris_compressor.cpp">
      <Filter>modules</Filter>
    </ClCompile>
    <ClCompile Include="src\math\basic_math.cpp">
      <Filter>math</Filter>
    </ClCompile>
    <ClCompile Include="src\tests\test_bspline.cpp">
      <Filter>tests</Filter>
    </ClCompile>
    <ClCompile Include="src\tests\test_math.cpp">
      <Filter>tests</Filter>
    </ClCompile>
    <ClCompile Include="src\math\state_parameters.cpp">
      <Filter>math</Filter>
    </ClCompile>
    <ClCompile Include="src\modules\ephemeris_reader.cpp">
      <Filter>modules</Filter>
    </ClCompile>
  </ItemGroup>
  <ItemGroup>
    <None Include="src\physics\geopotential.impl">
      <Filter>physics</Filter>
    </None>
    <None Include="src\physics\ring.impl">
      <Filter>physics</Filter>
    </None>
    <None Include="src\integrators\RungeKutta.impl">
      <Filter>integrators</Filter>
    </None>
    <None Include="initials\README.md">
      <Filter>resources</Filter>
    </None>
  </ItemGroup>
  <ItemGroup>
    <ClInclude Include="src\Tests\tests.h">
      <Filter>tests</Filter>
    </ClInclude>
    <ClInclude Include="src\utils\calctime.h">
      <Filter>utils</Filter>
    </ClInclude>
    <ClInclude Include="src\utils\crc32.h">
      <Filter>utils</Filter>
    </ClInclude>
    <ClInclude Include="src\utils\wcs_convert.h">
      <Filter>utils</Filter>
    </ClInclude>
    <ClInclude Include="src\math\dfloat_t.h">
      <Filter>math</Filter>
    </ClInclude>
    <ClInclude Include="src\math\vec_t.h">
      <Filter>math</Filter>
    </ClInclude>
    <ClInclude Include="src\definitions.h">
      <Filter>headers</Filter>
    </ClInclude>
    <ClInclude Include="src\physics\geopotential.h">
      <Filter>physics</Filter>
    </ClInclude>
    <ClInclude Include="src\math\random.h">
      <Filter>math</Filter>
    </ClInclude>
    <ClInclude Include="src\physics\ring.h">
      <Filter>physics</Filter>
    </ClInclude>
    <ClInclude Include="src\utils\memio.h">
      <Filter>utils</Filter>
    </ClInclude>
    <ClInclude Include="src\math\keplerian.h">
      <Filter>math</Filter>
    </ClInclude>
    <ClInclude Include="src\physics\mass.impl">
      <Filter>physics</Filter>
    </ClInclude>
    <ClInclude Include="src\physics\mass.h">
      <Filter>physics</Filter>
    </ClInclude>
    <ClInclude Include="resource.h">
      <Filter>headers</Filter>
    </ClInclude>
    <ClInclude Include="src\utils\zipio.h">
      <Filter>utils</Filter>
    </ClInclude>
    <ClInclude Include="src\math\interp.h">
      <Filter>math</Filter>
    </ClInclude>
    <ClInclude Include="src\configs.h">
      <Filter>headers</Filter>
    </ClInclude>
    <ClInclude Include="src\modules\ephemeris_generator.h">
      <Filter>modules</Filter>
    </ClInclude>
    <ClInclude Include="src\utils\logger.h">
      <Filter>utils</Filter>
    </ClInclude>
    <ClInclude Include="src\utils\threadpool.h">
      <Filter>utils</Filter>
    </ClInclude>
    <ClInclude Include="src\math\basic_math.h">
      <Filter>math</Filter>
    </ClInclude>
    <ClInclude Include="src\integrators\mass_combined.h">
      <Filter>integrators</Filter>
    </ClInclude>
    <ClInclude Include="src\math\distribute.h">
      <Filter>math</Filter>
    </ClInclude>
    <ClInclude Include="src\modules\ephemeris_compressor.h">
      <Filter>modules</Filter>
    </ClInclude>
    <ClInclude Include="src\math\state_parameters.h">
      <Filter>math</Filter>
    </ClInclude>
    <ClInclude Include="src\modules\ephemeris_reader.h">
      <Filter>modules</Filter>
    </ClInclude>
    <ClInclude Include="src\htl\base.h">
      <Filter>htl</Filter>
    </ClInclude>
    <ClInclude Include="src\htl\vector.h">
      <Filter>htl</Filter>
    </ClInclude>
    <ClInclude Include="src\htl\rbtree.h">
      <Filter>htl</Filter>
    </ClInclude>
    <ClInclude Include="src\htl\map.h">
      <Filter>htl</Filter>
    </ClInclude>
    <ClInclude Include="src\htl\set.h">
      <Filter>htl</Filter>
    </ClInclude>
  </ItemGroup>
  <ItemGroup>
    <Text Include="initials\SolarSystem\SolarSystem_Config.txt">
      <Filter>resources\SolarSystem</Filter>
    </Text>
    <Text Include="initials\SolarSystem\SolarSystem_ExtraParameters.txt">
      <Filter>resources\SolarSystem</Filter>
    </Text>
    <Text Include="initials\SolarSystem\SolarSystem_Initial.txt">
      <Filter>resources\SolarSystem</Filter>
    </Text>
    <Text Include="initials\SolarSystem\Geopotentials\301.txt">
      <Filter>resources\SolarSystem\Geopotentials</Filter>
    </Text>
    <Text Include="initials\SolarSystem\Geopotentials\399.txt">
      <Filter>resources\SolarSystem\Geopotentials</Filter>
    </Text>
    <Text Include="initials\SolarSystem\Geopotentials\499.txt">
      <Filter>resources\SolarSystem\Geopotentials</Filter>
    </Text>
    <Text Include="initials\SolarSystem\Geopotentials\599.txt">
      <Filter>resources\SolarSystem\Geopotentials</Filter>
    </Text>
    <Text Include="initials\SolarSystem\Geopotentials\699.txt">
      <Filter>resources\SolarSystem\Geopotentials</Filter>
    </Text>
    <Text Include="initials\SolarSystem\Geopotentials\799.txt">
      <Filter>resources\SolarSystem\Geopotentials</Filter>
    </Text>
    <Text Include="initials\SolarSystem\Geopotentials\899.txt">
      <Filter>resources\SolarSystem\Geopotentials</Filter>
    </Text>
    <Text Include="initials\SolarSystem\Rings\699.txt">
      <Filter>resources\SolarSystem\Rings</Filter>
    </Text>
  </ItemGroup>
  <ItemGroup>
    <ResourceCompile Include="Ephemeris.rc">
      <Filter>resources</Filter>
    </ResourceCompile>
  </ItemGroup>
  <ItemGroup>
    <Natvis Include="src\htl\htl.natvis">
      <Filter>htl</Filter>
    </Natvis>
  </ItemGroup>
</Project>